
Microsoft Visual Studio Solution File, Format Version 12.00
# Visual Studio Version 16
VisualStudioVersion = 25.0.1704.0
MinimumVisualStudioVersion = 10.0.40219.1
Project("{FAE04EC0-301F-11D3-BF4B-00C04F79EFBC}") = "MementoDesignPatternUI", "MementoDesignPatternUI\MementoDesignPatternUI.csproj", "{208EEA0B-E2FE-4C8C-A651-51A5C36B6B57}"
EndProject
Global
	GlobalSection(SolutionConfigurationPlatforms) = preSolution
		Debug|Any CPU = Debug|Any CPU
		Release|Any CPU = Release|Any CPU
	EndGlobalSection
	GlobalSection(ProjectConfigurationPlatforms) = postSolution
		{208EEA0B-E2FE-4C8C-A651-51A5C36B6B57}.Debug|Any CPU.ActiveCfg = Debug|Any CPU
		{208EEA0B-E2FE-4C8C-A651-51A5C36B6B57}.Debug|Any CPU.Build.0 = Debug|Any CPU
		{208EEA0B-E2FE-4C8C-A651-51A5C36B6B57}.Release|Any CPU.ActiveCfg = Release|Any CPU
		{208EEA0B-E2FE-4C8C-A651-51A5C36B6B57}.Release|Any CPU.Build.0 = Release|Any CPU
	EndGlobalSection
	GlobalSection(SolutionProperties) = preSolution
		HideSolutionNode = FALSE
	EndGlobalSection
	GlobalSection(ExtensibilityGlobals) = postSolution
		SolutionGuid = {AC54CB3A-74FC-4E06-BF4A-1A6DE213A057}
	EndGlobalSection
EndGlobal
